
Microsoft Visual Studio Solution File, Format Version 12.00
# Visual Studio Version 17
VisualStudioVersion = 17.5.002.0
MinimumVisualStudioVersion = 10.0.40219.1
Project("{9A19103F-16F7-4668-BE54-9A1E7A4F7556}") = "Lab4", "Lab4.csproj", "{CA4C6D3D-1C7D-40FE-A27D-177198246674}"
EndProject
Global
	GlobalSection(SolutionConfigurationPlatforms) = preSolution
		Debug|Any CPU = Debug|Any CPU
		Release|Any CPU = Release|Any CPU
	EndGlobalSection
	GlobalSection(ProjectConfigurationPlatforms) = postSolution
		{CA4C6D3D-1C7D-40FE-A27D-177198246674}.Debug|Any CPU.ActiveCfg = Debug|Any CPU
		{CA4C6D3D-1C7D-40FE-A27D-177198246674}.Debug|Any CPU.Build.0 = Debug|Any CPU
		{CA4C6D3D-1C7D-40FE-A27D-177198246674}.Release|Any CPU.ActiveCfg = Release|Any CPU
		{CA4C6D3D-1C7D-40FE-A27D-177198246674}.Release|Any CPU.Build.0 = Release|Any CPU
	EndGlobalSection
	GlobalSection(SolutionProperties) = preSolution
		HideSolutionNode = FALSE
	EndGlobalSection
	GlobalSection(ExtensibilityGlobals) = postSolution
		SolutionGuid = {8CC2C7A4-EBFA-4A54-8D57-D84C4A125D59}
	EndGlobalSection
EndGlobal
